
Microsoft Visual Studio Solution File, Format Version 12.00
# Visual Studio Version 17
VisualStudioVersion = 17.10.35122.118
MinimumVisualStudioVersion = 10.0.40219.1
Project("{FAE04EC0-301F-11D3-BF4B-00C04F79EFBC}") = "Mouse Trails", "Mouse Trails.csproj", "{DD9A51E0-B898-4E99-94C2-EC2FEBF037A5}"
EndProject
Global
	GlobalSection(SolutionConfigurationPlatforms) = preSolution
		Debug|Any CPU = Debug|Any CPU
		Release|Any CPU = Release|Any CPU
	EndGlobalSection
	GlobalSection(ProjectConfigurationPlatforms) = postSolution
		{DD9A51E0-B898-4E99-94C2-EC2FEBF037A5}.Debug|Any CPU.ActiveCfg = Debug|Any CPU
		{DD9A51E0-B898-4E99-94C2-EC2FEBF037A5}.Debug|Any CPU.Build.0 = Debug|Any CPU
		{DD9A51E0-B898-4E99-94C2-EC2FEBF037A5}.Release|Any CPU.ActiveCfg = Release|Any CPU
		{DD9A51E0-B898-4E99-94C2-EC2FEBF037A5}.Release|Any CPU.Build.0 = Release|Any CPU
	EndGlobalSection
	GlobalSection(SolutionProperties) = preSolution
		HideSolutionNode = FALSE
	EndGlobalSection
	GlobalSection(ExtensibilityGlobals) = postSolution
		SolutionGuid = {0270E580-F646-4CFF-90E5-5B38D269B901}
	EndGlobalSection
EndGlobal
